
Microsoft Visual Studio Solution File, Format Version 12.00
# Visual Studio 15
VisualStudioVersion = 15.0.27004.2005
MinimumVisualStudioVersion = 10.0.40219.1
Project("{FAE04EC0-301F-11D3-BF4B-00C04F79EFBC}") = "WebStudentsManagement", "WebStudentsManagement\WebStudentsManagement.csproj", "{545EB031-5980-4116-8452-09B7F8361A79}"
EndProject
Project("{FAE04EC0-301F-11D3-BF4B-00C04F79EFBC}") = "StudentsManagement.Core", "StudentsManagement.Core\StudentsManagement.Core.csproj", "{A4931A28-99AD-4233-8C0A-43E411CFED83}"
EndProject
Project("{FAE04EC0-301F-11D3-BF4B-00C04F79EFBC}") = "StudentsManagement.Core.Shared", "StudentsManagement.Core.Shared\StudentsManagement.Core.Shared.csproj", "{A259706E-FB76-423A-A9C8-84ED1370A306}"
EndProject
Project("{FAE04EC0-301F-11D3-BF4B-00C04F79EFBC}") = "StudentsManagement.Persistence", "StudentsManagement.Persistance\StudentsManagement.Persistence.csproj", "{DE8A7D8B-EE3E-4E03-9D37-F326CC80AEB9}"
EndProject
Project("{FAE04EC0-301F-11D3-BF4B-00C04F79EFBC}") = "StudentsManagement.Persistence.EF", "StudentsManagement.Persistence.EF\StudentsManagement.Persistence.EF.csproj", "{6D636BEE-059A-47E7-AAE9-F5AB7497B10E}"
EndProject
Project("{FAE04EC0-301F-11D3-BF4B-00C04F79EFBC}") = "StudentsManagement.Domain", "StudentsManagement.Domain\StudentsManagement.Domain.csproj", "{8A8E0A57-D1C6-4447-83A3-51979FA78859}"
EndProject
Global
	GlobalSection(SolutionConfigurationPlatforms) = preSolution
		Debug|Any CPU = Debug|Any CPU
		Release|Any CPU = Release|Any CPU
	EndGlobalSection
	GlobalSection(ProjectConfigurationPlatforms) = postSolution
		{545EB031-5980-4116-8452-09B7F8361A79}.Debug|Any CPU.ActiveCfg = Debug|Any CPU
		{545EB031-5980-4116-8452-09B7F8361A79}.Debug|Any CPU.Build.0 = Debug|Any CPU
		{545EB031-5980-4116-8452-09B7F8361A79}.Release|Any CPU.ActiveCfg = Release|Any CPU
		{545EB031-5980-4116-8452-09B7F8361A79}.Release|Any CPU.Build.0 = Release|Any CPU
		{A4931A28-99AD-4233-8C0A-43E411CFED83}.Debug|Any CPU.ActiveCfg = Debug|Any CPU
		{A4931A28-99AD-4233-8C0A-43E411CFED83}.Debug|Any CPU.Build.0 = Debug|Any CPU
		{A4931A28-99AD-4233-8C0A-43E411CFED83}.Release|Any CPU.ActiveCfg = Release|Any CPU
		{A4931A28-99AD-4233-8C0A-43E411CFED83}.Release|Any CPU.Build.0 = Release|Any CPU
		{A259706E-FB76-423A-A9C8-84ED1370A306}.Debug|Any CPU.ActiveCfg = Debug|Any CPU
		{A259706E-FB76-423A-A9C8-84ED1370A306}.Debug|Any CPU.Build.0 = Debug|Any CPU
		{A259706E-FB76-423A-A9C8-84ED1370A306}.Release|Any CPU.ActiveCfg = Release|Any CPU
		{A259706E-FB76-423A-A9C8-84ED1370A306}.Release|Any CPU.Build.0 = Release|Any CPU
		{DE8A7D8B-EE3E-4E03-9D37-F326CC80AEB9}.Debug|Any CPU.ActiveCfg = Debug|Any CPU
		{DE8A7D8B-EE3E-4E03-9D37-F326CC80AEB9}.Debug|Any CPU.Build.0 = Debug|Any CPU
		{DE8A7D8B-EE3E-4E03-9D37-F326CC80AEB9}.Release|Any CPU.ActiveCfg = Release|Any CPU
		{DE8A7D8B-EE3E-4E03-9D37-F326CC80AEB9}.Release|Any CPU.Build.0 = Release|Any CPU
		{6D636BEE-059A-47E7-AAE9-F5AB7497B10E}.Debug|Any CPU.ActiveCfg = Debug|Any CPU
		{6D636BEE-059A-47E7-AAE9-F5AB7497B10E}.Debug|Any CPU.Build.0 = Debug|Any CPU
		{6D636BEE-059A-47E7-AAE9-F5AB7497B10E}.Release|Any CPU.ActiveCfg = Release|Any CPU
		{6D636BEE-059A-47E7-AAE9-F5AB7497B10E}.Release|Any CPU.Build.0 = Release|Any CPU
		{8A8E0A57-D1C6-4447-83A3-51979FA78859}.Debug|Any CPU.ActiveCfg = Debug|Any CPU
		{8A8E0A57-D1C6-4447-83A3-51979FA78859}.Debug|Any CPU.Build.0 = Debug|Any CPU
		{8A8E0A57-D1C6-4447-83A3-51979FA78859}.Release|Any CPU.ActiveCfg = Release|Any CPU
		{8A8E0A57-D1C6-4447-83A3-51979FA78859}.Release|Any CPU.Build.0 = Release|Any CPU
	EndGlobalSection
	GlobalSection(SolutionProperties) = preSolution
		HideSolutionNode = FALSE
	EndGlobalSection
	GlobalSection(ExtensibilityGlobals) = postSolution
		SolutionGuid = {05F0885C-168D-418E-926E-E79A447C3E76}
	EndGlobalSection
EndGlobal
